
Microsoft Visual Studio Solution File, Format Version 12.00
# Visual Studio Version 17
VisualStudioVersion = 17.8.34330.188
MinimumVisualStudioVersion = 10.0.40219.1
Project("{FAE04EC0-301F-11D3-BF4B-00C04F79EFBC}") = "Selectionstatments24", "Selectionstatments24\Selectionstatments24.csproj", "{C9552F54-2AF6-4AEC-823E-10C61F275130}"
EndProject
Global
	GlobalSection(SolutionConfigurationPlatforms) = preSolution
		Debug|Any CPU = Debug|Any CPU
		Release|Any CPU = Release|Any CPU
	EndGlobalSection
	GlobalSection(ProjectConfigurationPlatforms) = postSolution
		{C9552F54-2AF6-4AEC-823E-10C61F275130}.Debug|Any CPU.ActiveCfg = Debug|Any CPU
		{C9552F54-2AF6-4AEC-823E-10C61F275130}.Debug|Any CPU.Build.0 = Debug|Any CPU
		{C9552F54-2AF6-4AEC-823E-10C61F275130}.Release|Any CPU.ActiveCfg = Release|Any CPU
		{C9552F54-2AF6-4AEC-823E-10C61F275130}.Release|Any CPU.Build.0 = Release|Any CPU
	EndGlobalSection
	GlobalSection(SolutionProperties) = preSolution
		HideSolutionNode = FALSE
	EndGlobalSection
	GlobalSection(ExtensibilityGlobals) = postSolution
		SolutionGuid = {47DB45BC-1364-422E-9A8C-92E92EE5461F}
	EndGlobalSection
EndGlobal
